
Microsoft Visual Studio Solution File, Format Version 12.00
# Visual Studio Version 17
VisualStudioVersion = 17.5.002.0
MinimumVisualStudioVersion = 10.0.40219.1
Project("{9A19103F-16F7-4668-BE54-9A1E7A4F7556}") = "digi_commerce_back", "digi_commerce_back.csproj", "{12B68CB9-FA14-41EE-B52F-3A6090641849}"
EndProject
Global
	GlobalSection(SolutionConfigurationPlatforms) = preSolution
		Debug|Any CPU = Debug|Any CPU
		Release|Any CPU = Release|Any CPU
	EndGlobalSection
	GlobalSection(ProjectConfigurationPlatforms) = postSolution
		{12B68CB9-FA14-41EE-B52F-3A6090641849}.Debug|Any CPU.ActiveCfg = Debug|Any CPU
		{12B68CB9-FA14-41EE-B52F-3A6090641849}.Debug|Any CPU.Build.0 = Debug|Any CPU
		{12B68CB9-FA14-41EE-B52F-3A6090641849}.Release|Any CPU.ActiveCfg = Release|Any CPU
		{12B68CB9-FA14-41EE-B52F-3A6090641849}.Release|Any CPU.Build.0 = Release|Any CPU
	EndGlobalSection
	GlobalSection(SolutionProperties) = preSolution
		HideSolutionNode = FALSE
	EndGlobalSection
	GlobalSection(ExtensibilityGlobals) = postSolution
		SolutionGuid = {75B9518F-8A72-49AA-A910-B37A2371AAD0}
	EndGlobalSection
EndGlobal
